// !$*UTF8*$!
{
	archiveVersion = 1;
	classes = {
	};
	objectVersion = 46;
	objects = {

/* Begin PBXBuildFile section */
		158BB1961F86215D00A1926B /* AppDelegate.swift in Sources */ = {isa = PBXBuildFile; fileRef = 158BB1951F86215D00A1926B /* AppDelegate.swift */; };
		158BB1981F86215D00A1926B /* ViewController.swift in Sources */ = {isa = PBXBuildFile; fileRef = 158BB1971F86215D00A1926B /* ViewController.swift */; };
		158BB19B1F86215D00A1926B /* Main.storyboard in Resources */ = {isa = PBXBuildFile; fileRef = 158BB1991F86215D00A1926B /* Main.storyboard */; };
		158BB19D1F86215D00A1926B /* Assets.xcassets in Resources */ = {isa = PBXBuildFile; fileRef = 158BB19C1F86215D00A1926B /* Assets.xcassets */; };
		158BB1A01F86215D00A1926B /* LaunchScreen.storyboard in Resources */ = {isa = PBXBuildFile; fileRef = 158BB19E1F86215D00A1926B /* LaunchScreen.storyboard */; };
		158BB1A81F8627A600A1926B /* Reachability.swift in Sources */ = {isa = PBXBuildFile; fileRef = 158BB1A71F8627A600A1926B /* Reachability.swift */; };
		158BB1AC1F86934100A1926B /* WeatherViewController.swift in Sources */ = {isa = PBXBuildFile; fileRef = 158BB1AB1F86934100A1926B /* WeatherViewController.swift */; };
		158BB1F11F8BBC4400A1926B /* Alamofire.framework in Frameworks */ = {isa = PBXBuildFile; fileRef = 158BB1EC1F8BBC4400A1926B /* Alamofire.framework */; };
		158BB1F21F8BBC4400A1926B /* Alamofire.framework in Embed Frameworks */ = {isa = PBXBuildFile; fileRef = 158BB1EC1F8BBC4400A1926B /* Alamofire.framework */; settings = {ATTRIBUTES = (CodeSignOnCopy, RemoveHeadersOnCopy, ); }; };
		158BB1F31F8BBC4400A1926B /* Kingfisher.framework in Frameworks */ = {isa = PBXBuildFile; fileRef = 158BB1ED1F8BBC4400A1926B /* Kingfisher.framework */; };
		158BB1F41F8BBC4400A1926B /* Kingfisher.framework in Embed Frameworks */ = {isa = PBXBuildFile; fileRef = 158BB1ED1F8BBC4400A1926B /* Kingfisher.framework */; settings = {ATTRIBUTES = (CodeSignOnCopy, RemoveHeadersOnCopy, ); }; };
		158BB1F51F8BBC4400A1926B /* Realm.framework in Frameworks */ = {isa = PBXBuildFile; fileRef = 158BB1EE1F8BBC4400A1926B /* Realm.framework */; };
		158BB1F61F8BBC4400A1926B /* Realm.framework in Embed Frameworks */ = {isa = PBXBuildFile; fileRef = 158BB1EE1F8BBC4400A1926B /* Realm.framework */; settings = {ATTRIBUTES = (CodeSignOnCopy, RemoveHeadersOnCopy, ); }; };
		158BB1F71F8BBC4400A1926B /* RealmSwift.framework in Frameworks */ = {isa = PBXBuildFile; fileRef = 158BB1EF1F8BBC4400A1926B /* RealmSwift.framework */; };
		158BB1F81F8BBC4400A1926B /* RealmSwift.framework in Embed Frameworks */ = {isa = PBXBuildFile; fileRef = 158BB1EF1F8BBC4400A1926B /* RealmSwift.framework */; settings = {ATTRIBUTES = (CodeSignOnCopy, RemoveHeadersOnCopy, ); }; };
		158BB1F91F8BBC4400A1926B /* RxSwift.framework in Frameworks */ = {isa = PBXBuildFile; fileRef = 158BB1F01F8BBC4400A1926B /* RxSwift.framework */; };
		158BB1FA1F8BBC4400A1926B /* RxSwift.framework in Embed Frameworks */ = {isa = PBXBuildFile; fileRef = 158BB1F01F8BBC4400A1926B /* RxSwift.framework */; settings = {ATTRIBUTES = (CodeSignOnCopy, RemoveHeadersOnCopy, ); }; };
		158BB1FE1F8BBC5900A1926B /* CoreLocation.framework in Frameworks */ = {isa = PBXBuildFile; fileRef = 158BB1FD1F8BBC5900A1926B /* CoreLocation.framework */; };
		158BB2031F8D5B2200A1926B /* WeatherModel.swift in Sources */ = {isa = PBXBuildFile; fileRef = 158BB2021F8D5B2200A1926B /* WeatherModel.swift */; };
		158BB2051F90CA0700A1926B /* TempModel.swift in Sources */ = {isa = PBXBuildFile; fileRef = 158BB2041F90CA0700A1926B /* TempModel.swift */; };
/* End PBXBuildFile section */

/* Begin PBXCopyFilesBuildPhase section */
		158BB1FB1F8BBC4400A1926B /* Embed Frameworks */ = {
			isa = PBXCopyFilesBuildPhase;
			buildActionMask = 2147483647;
			dstPath = "";
			dstSubfolderSpec = 10;
			files = (
				158BB1FA1F8BBC4400A1926B /* RxSwift.framework in Embed Frameworks */,
				158BB1F61F8BBC4400A1926B /* Realm.framework in Embed Frameworks */,
				158BB1F41F8BBC4400A1926B /* Kingfisher.framework in Embed Frameworks */,
				158BB1F81F8BBC4400A1926B /* RealmSwift.framework in Embed Frameworks */,
				158BB1F21F8BBC4400A1926B /* Alamofire.framework in Embed Frameworks */,
			);
			name = "Embed Frameworks";
			runOnlyForDeploymentPostprocessing = 0;
		};
/* End PBXCopyFilesBuildPhase section */

/* Begin PBXFileReference section */
		158BB1921F86215D00A1926B /* Weather.app */ = {isa = PBXFileReference; explicitFileType = wrapper.application; includeInIndex = 0; path = Weather.app; sourceTree = BUILT_PRODUCTS_DIR; };
		158BB1951F86215D00A1926B /* AppDelegate.swift */ = {isa = PBXFileReference; lastKnownFileType = sourcecode.swift; path = AppDelegate.swift; sourceTree = "<group>"; };
		158BB1971F86215D00A1926B /* ViewController.swift */ = {isa = PBXFileReference; lastKnownFileType = sourcecode.swift; path = ViewController.swift; sourceTree = "<group>"; };
		158BB19A1F86215D00A1926B /* Base */ = {isa = PBXFileReference; lastKnownFileType = file.storyboard; name = Base; path = Base.lproj/Main.storyboard; sourceTree = "<group>"; };
		158BB19C1F86215D00A1926B /* Assets.xcassets */ = {isa = PBXFileReference; lastKnownFileType = folder.assetcatalog; path = Assets.xcassets; sourceTree = "<group>"; };
		158BB19F1F86215D00A1926B /* Base */ = {isa = PBXFileReference; lastKnownFileType = file.storyboard; name = Base; path = Base.lproj/LaunchScreen.storyboard; sourceTree = "<group>"; };
		158BB1A11F86215D00A1926B /* Info.plist */ = {isa = PBXFileReference; lastKnownFileType = text.plist.xml; path = Info.plist; sourceTree = "<group>"; };
		158BB1A71F8627A600A1926B /* Reachability.swift */ = {isa = PBXFileReference; fileEncoding = 4; lastKnownFileType = sourcecode.swift; path = Reachability.swift; sourceTree = "<group>"; };
		158BB1AB1F86934100A1926B /* WeatherViewController.swift */ = {isa = PBXFileReference; fileEncoding = 4; lastKnownFileType = sourcecode.swift; path = WeatherViewController.swift; sourceTree = SOURCE_ROOT; };
		158BB1EC1F8BBC4400A1926B /* Alamofire.framework */ = {isa = PBXFileReference; lastKnownFileType = wrapper.framework; name = Alamofire.framework; path = Carthage/Build/iOS/Alamofire.framework; sourceTree = "<group>"; };
		158BB1ED1F8BBC4400A1926B /* Kingfisher.framework */ = {isa = PBXFileReference; lastKnownFileType = wrapper.framework; name = Kingfisher.framework; path = Carthage/Build/iOS/Kingfisher.framework; sourceTree = "<group>"; };
		158BB1EE1F8BBC4400A1926B /* Realm.framework */ = {isa = PBXFileReference; lastKnownFileType = wrapper.framework; name = Realm.framework; path = Carthage/Build/iOS/Realm.framework; sourceTree = "<group>"; };
		158BB1EF1F8BBC4400A1926B /* RealmSwift.framework */ = {isa = PBXFileReference; lastKnownFileType = wrapper.framework; name = RealmSwift.framework; path = Carthage/Build/iOS/RealmSwift.framework; sourceTree = "<group>"; };
		158BB1F01F8BBC4400A1926B /* RxSwift.framework */ = {isa = PBXFileReference; lastKnownFileType = wrapper.framework; name = RxSwift.framework; path = Carthage/Build/iOS/RxSwift.framework; sourceTree = "<group>"; };
		158BB1FD1F8BBC5900A1926B /* CoreLocation.framework */ = {isa = PBXFileReference; lastKnownFileType = wrapper.framework; name = CoreLocation.framework; path = System/Library/Frameworks/CoreLocation.framework; sourceTree = SDKROOT; };
		158BB2021F8D5B2200A1926B /* WeatherModel.swift */ = {isa = PBXFileReference; fileEncoding = 4; lastKnownFileType = sourcecode.swift; path = WeatherModel.swift; sourceTree = SOURCE_ROOT; };
		158BB2041F90CA0700A1926B /* TempModel.swift */ = {isa = PBXFileReference; fileEncoding = 4; lastKnownFileType = sourcecode.swift; path = TempModel.swift; sourceTree = "<group>"; };
/* End PBXFileReference section */

/* Begin PBXFrameworksBuildPhase section */
		158BB18F1F86215D00A1926B /* Frameworks */ = {
			isa = PBXFrameworksBuildPhase;
			buildActionMask = 2147483647;
			files = (
				158BB1FE1F8BBC5900A1926B /* CoreLocation.framework in Frameworks */,
				158BB1F91F8BBC4400A1926B /* RxSwift.framework in Frameworks */,
				158BB1F51F8BBC4400A1926B /* Realm.framework in Frameworks */,
				158BB1F31F8BBC4400A1926B /* Kingfisher.framework in Frameworks */,
				158BB1F71F8BBC4400A1926B /* RealmSwift.framework in Frameworks */,
				158BB1F11F8BBC4400A1926B /* Alamofire.framework in Frameworks */,
			);
			runOnlyForDeploymentPostprocessing = 0;
		};
/* End PBXFrameworksBuildPhase section */

/* Begin PBXGroup section */
		158BB1891F86215D00A1926B = {
			isa = PBXGroup;
			children = (
				158BB1EC1F8BBC4400A1926B /* Alamofire.framework */,
				158BB1ED1F8BBC4400A1926B /* Kingfisher.framework */,
				158BB1EE1F8BBC4400A1926B /* Realm.framework */,
				158BB1EF1F8BBC4400A1926B /* RealmSwift.framework */,
				158BB1F01F8BBC4400A1926B /* RxSwift.framework */,
				158BB1941F86215D00A1926B /* Weather */,
				158BB1931F86215D00A1926B /* Products */,
				158BB1FC1F8BBC5900A1926B /* Frameworks */,
			);
			sourceTree = "<group>";
		};
		158BB1931F86215D00A1926B /* Products */ = {
			isa = PBXGroup;
			children = (
				158BB1921F86215D00A1926B /* Weather.app */,
			);
			name = Products;
			sourceTree = "<group>";
		};
		158BB1941F86215D00A1926B /* Weather */ = {
			isa = PBXGroup;
			children = (
				158BB2021F8D5B2200A1926B /* WeatherModel.swift */,
				158BB1951F86215D00A1926B /* AppDelegate.swift */,
				158BB1AB1F86934100A1926B /* WeatherViewController.swift */,
				158BB2041F90CA0700A1926B /* TempModel.swift */,
				158BB1A71F8627A600A1926B /* Reachability.swift */,
				158BB1971F86215D00A1926B /* ViewController.swift */,
				158BB1991F86215D00A1926B /* Main.storyboard */,
				158BB19C1F86215D00A1926B /* Assets.xcassets */,
				158BB19E1F86215D00A1926B /* LaunchScreen.storyboard */,
				158BB1A11F86215D00A1926B /* Info.plist */,
			);
			path = Weather;
			sourceTree = "<group>";
		};
		158BB1FC1F8BBC5900A1926B /* Frameworks */ = {
			isa = PBXGroup;
			children = (
				158BB1FD1F8BBC5900A1926B /* CoreLocation.framework */,
			);
			name = Frameworks;
			sourceTree = "<group>";
		};
/* End PBXGroup section */

/* Begin PBXNativeTarget section */
		158BB1911F86215D00A1926B /* Weather */ = {
			isa = PBXNativeTarget;
			buildConfigurationList = 158BB1A41F86215D00A1926B /* Build configuration list for PBXNativeTarget "Weather" */;
			buildPhases = (
				158BB18E1F86215D00A1926B /* Sources */,
				158BB18F1F86215D00A1926B /* Frameworks */,
				158BB1901F86215D00A1926B /* Resources */,
				158BB1FB1F8BBC4400A1926B /* Embed Frameworks */,
				158BB1FF1F8D598100A1926B /* Run Script */,
			);
			buildRules = (
			);
			dependencies = (
			);
			name = Weather;
			productName = Weather;
			productReference = 158BB1921F86215D00A1926B /* Weather.app */;
			productType = "com.apple.product-type.application";
		};
/* End PBXNativeTarget section */

/* Begin PBXProject section */
		158BB18A1F86215D00A1926B /* Project object */ = {
			isa = PBXProject;
			attributes = {
				LastSwiftUpdateCheck = 0830;
				LastUpgradeCheck = 0830;
				ORGANIZATIONNAME = Ovsyankinds;
				TargetAttributes = {
					158BB1911F86215D00A1926B = {
						CreatedOnToolsVersion = 8.3.3;
						ProvisioningStyle = Automatic;
					};
				};
			};
			buildConfigurationList = 158BB18D1F86215D00A1926B /* Build configuration list for PBXProject "Weather" */;
			compatibilityVersion = "Xcode 3.2";
			developmentRegion = English;
			hasScannedForEncodings = 0;
			knownRegions = (
				en,
				Base,
			);
			mainGroup = 158BB1891F86215D00A1926B;
			productRefGroup = 158BB1931F86215D00A1926B /* Products */;
			projectDirPath = "";
			projectRoot = "";
			targets = (
				158BB1911F86215D00A1926B /* Weather */,
			);
		};
/* End PBXProject section */

/* Begin PBXResourcesBuildPhase section */
		158BB1901F86215D00A1926B /* Resources */ = {
			isa = PBXResourcesBuildPhase;
			buildActionMask = 2147483647;
			files = (
				158BB1A01F86215D00A1926B /* LaunchScreen.storyboard in Resources */,
				158BB19D1F86215D00A1926B /* Assets.xcassets in Resources */,
				158BB19B1F86215D00A1926B /* Main.storyboard in Resources */,
			);
			runOnlyForDeploymentPostprocessing = 0;
		};
/* End PBXResourcesBuildPhase section */

/* Begin PBXShellScriptBuildPhase section */
		158BB1FF1F8D598100A1926B /* Run Script */ = {
			isa = PBXShellScriptBuildPhase;
			buildActionMask = 8;
			files = (
			);
			inputPaths = (
			);
			name = "Run Script";
			outputPaths = (
			);
			runOnlyForDeploymentPostprocessing = 1;
			shellPath = "/usr/local/bin/carthage copy-frameworks";
			shellScript = "$(SRCROOT)/Carthage/Build/iOS/Realm.framework<br />$(SRCROOT)/Carthage/Build/iOS/RealmSwift.framework";
		};
/* End PBXShellScriptBuildPhase section */

/* Begin PBXSourcesBuildPhase section */
		158BB18E1F86215D00A1926B /* Sources */ = {
			isa = PBXSourcesBuildPhase;
			buildActionMask = 2147483647;
			files = (
				158BB1981F86215D00A1926B /* ViewController.swift in Sources */,
				158BB1AC1F86934100A1926B /* WeatherViewController.swift in Sources */,
				158BB1961F86215D00A1926B /* AppDelegate.swift in Sources */,
				158BB2051F90CA0700A1926B /* TempModel.swift in Sources */,
				158BB1A81F8627A600A1926B /* Reachability.swift in Sources */,
				158BB2031F8D5B2200A1926B /* WeatherModel.swift in Sources */,
			);
			runOnlyForDeploymentPostprocessing = 0;
		};
/* End PBXSourcesBuildPhase section */

/* Begin PBXVariantGroup section */
		158BB1991F86215D00A1926B /* Main.storyboard */ = {
			isa = PBXVariantGroup;
			children = (
				158BB19A1F86215D00A1926B /* Base */,
			);
			name = Main.storyboard;
			sourceTree = "<group>";
		};
		158BB19E1F86215D00A1926B /* LaunchScreen.storyboard */ = {
			isa = PBXVariantGroup;
			children = (
				158BB19F1F86215D00A1926B /* Base */,
			);
			name = LaunchScreen.storyboard;
			sourceTree = "<group>";
		};
/* End PBXVariantGroup section */

/* Begin XCBuildConfiguration section */
		158BB1A21F86215D00A1926B /* Debug */ = {
			isa = XCBuildConfiguration;
			buildSettings = {
				ALWAYS_SEARCH_USER_PATHS = NO;
				CLANG_ANALYZER_NONNULL = YES;
				CLANG_ANALYZER_NUMBER_OBJECT_CONVERSION = YES_AGGRESSIVE;
				CLANG_CXX_LANGUAGE_STANDARD = "gnu++0x";
				CLANG_CXX_LIBRARY = "libc++";
				CLANG_ENABLE_MODULES = YES;
				CLANG_ENABLE_OBJC_ARC = YES;
				CLANG_WARN_BOOL_CONVERSION = YES;
				CLANG_WARN_CONSTANT_CONVERSION = YES;
				CLANG_WARN_DIRECT_OBJC_ISA_USAGE = YES_ERROR;
				CLANG_WARN_DOCUMENTATION_COMMENTS = YES;
				CLANG_WARN_EMPTY_BODY = YES;
				CLANG_WARN_ENUM_CONVERSION = YES;
				CLANG_WARN_INFINITE_RECURSION = YES;
				CLANG_WARN_INT_CONVERSION = YES;
				CLANG_WARN_OBJC_ROOT_CLASS = YES_ERROR;
				CLANG_WARN_SUSPICIOUS_MOVE = YES;
				CLANG_WARN_UNREACHABLE_CODE = YES;
				CLANG_WARN__DUPLICATE_METHOD_MATCH = YES;
				"CODE_SIGN_IDENTITY[sdk=iphoneos*]" = "iPhone Developer";
				COPY_PHASE_STRIP = NO;
				DEBUG_INFORMATION_FORMAT = dwarf;
				ENABLE_STRICT_OBJC_MSGSEND = YES;
				ENABLE_TESTABILITY = YES;
				GCC_C_LANGUAGE_STANDARD = gnu99;
				GCC_DYNAMIC_NO_PIC = NO;
				GCC_NO_COMMON_BLOCKS = YES;
				GCC_OPTIMIZATION_LEVEL = 0;
				GCC_PREPROCESSOR_DEFINITIONS = (
					"DEBUG=1",
					"$(inherited)",
				);
				GCC_WARN_64_TO_32_BIT_CONVERSION = YES;
				GCC_WARN_ABOUT_RETURN_TYPE = YES_ERROR;
				GCC_WARN_UNDECLARED_SELECTOR = YES;
				GCC_WARN_UNINITIALIZED_AUTOS = YES_AGGRESSIVE;
				GCC_WARN_UNUSED_FUNCTION = YES;
				GCC_WARN_UNUSED_VARIABLE = YES;
				IPHONEOS_DEPLOYMENT_TARGET = 10.3;
				MTL_ENABLE_DEBUG_INFO = YES;
				ONLY_ACTIVE_ARCH = YES;
				SDKROOT = iphoneos;
				SWIFT_ACTIVE_COMPILATION_CONDITIONS = DEBUG;
				SWIFT_OPTIMIZATION_LEVEL = "-Onone";
				TARGETED_DEVICE_FAMILY = "1,2";
			};
			name = Debug;
		};
		158BB1A31F86215D00A1926B /* Release */ = {
			isa = XCBuildConfiguration;
			buildSettings = {
				ALWAYS_SEARCH_USER_PATHS = NO;
				CLANG_ANALYZER_NONNULL = YES;
				CLANG_ANALYZER_NUMBER_OBJECT_CONVERSION = YES_AGGRESSIVE;
				CLANG_CXX_LANGUAGE_STANDARD = "gnu++0x";
				CLANG_CXX_LIBRARY = "libc++";
				CLANG_ENABLE_MODULES = YES;
				CLANG_ENABLE_OBJC_ARC = YES;
				CLANG_WARN_BOOL_CONVERSION = YES;
				CLANG_WARN_CONSTANT_CONVERSION = YES;
				CLANG_WARN_DIRECT_OBJC_ISA_USAGE = YES_ERROR;
				CLANG_WARN_DOCUMENTATION_COMMENTS = YES;
				CLANG_WARN_EMPTY_BODY = YES;
				CLANG_WARN_ENUM_CONVERSION = YES;
				CLANG_WARN_INFINITE_RECURSION = YES;
				CLANG_WARN_INT_CONVERSION = YES;
				CLANG_WARN_OBJC_ROOT_CLASS = YES_ERROR;
				CLANG_WARN_SUSPICIOUS_MOVE = YES;
				CLANG_WARN_UNREACHABLE_CODE = YES;
				CLANG_WARN__DUPLICATE_METHOD_MATCH = YES;
				"CODE_SIGN_IDENTITY[sdk=iphoneos*]" = "iPhone Developer";
				COPY_PHASE_STRIP = NO;
				DEBUG_INFORMATION_FORMAT = "dwarf-with-dsym";
				ENABLE_NS_ASSERTIONS = NO;
				ENABLE_STRICT_OBJC_MSGSEND = YES;
				GCC_C_LANGUAGE_STANDARD = gnu99;
				GCC_NO_COMMON_BLOCKS = YES;
				GCC_WARN_64_TO_32_BIT_CONVERSION = YES;
				GCC_WARN_ABOUT_RETURN_TYPE = YES_ERROR;
				GCC_WARN_UNDECLARED_SELECTOR = YES;
				GCC_WARN_UNINITIALIZED_AUTOS = YES_AGGRESSIVE;
				GCC_WARN_UNUSED_FUNCTION = YES;
				GCC_WARN_UNUSED_VARIABLE = YES;
				IPHONEOS_DEPLOYMENT_TARGET = 10.3;
				MTL_ENABLE_DEBUG_INFO = NO;
				SDKROOT = iphoneos;
				SWIFT_OPTIMIZATION_LEVEL = "-Owholemodule";
				TARGETED_DEVICE_FAMILY = "1,2";
				VALIDATE_PRODUCT = YES;
			};
			name = Release;
		};
		158BB1A51F86215D00A1926B /* Debug */ = {
			isa = XCBuildConfiguration;
			buildSettings = {
				ASSETCATALOG_COMPILER_APPICON_NAME = AppIcon;
				FRAMEWORK_SEARCH_PATHS = (
					"$(inherited)",
					"$(PROJECT_DIR)/Carthage/Build/iOS",
				);
				INFOPLIST_FILE = Weather/Info.plist;
				LD_RUNPATH_SEARCH_PATHS = "$(inherited) @executable_path/Frameworks";
				PRODUCT_BUNDLE_IDENTIFIER = ovso.Weather;
				PRODUCT_NAME = "$(TARGET_NAME)";
				SWIFT_VERSION = 3.0;
			};
			name = Debug;
		};
		158BB1A61F86215D00A1926B /* Release */ = {
			isa = XCBuildConfiguration;
			buildSettings = {
				ASSETCATALOG_COMPILER_APPICON_NAME = AppIcon;
				FRAMEWORK_SEARCH_PATHS = (
					"$(inherited)",
					"$(PROJECT_DIR)/Carthage/Build/iOS",
				);
				INFOPLIST_FILE = Weather/Info.plist;
				LD_RUNPATH_SEARCH_PATHS = "$(inherited) @executable_path/Frameworks";
				PRODUCT_BUNDLE_IDENTIFIER = ovso.Weather;
				PRODUCT_NAME = "$(TARGET_NAME)";
				SWIFT_VERSION = 3.0;
			};
			name = Release;
		};
/* End XCBuildConfiguration section */

/* Begin XCConfigurationList section */
		158BB18D1F86215D00A1926B /* Build configuration list for PBXProject "Weather" */ = {
			isa = XCConfigurationList;
			buildConfigurations = (
				158BB1A21F86215D00A1926B /* Debug */,
				158BB1A31F86215D00A1926B /* Release */,
			);
			defaultConfigurationIsVisible = 0;
			defaultConfigurationName = Release;
		};
		158BB1A41F86215D00A1926B /* Build configuration list for PBXNativeTarget "Weather" */ = {
			isa = XCConfigurationList;
			buildConfigurations = (
				158BB1A51F86215D00A1926B /* Debug */,
				158BB1A61F86215D00A1926B /* Release */,
			);
			defaultConfigurationIsVisible = 0;
			defaultConfigurationName = Release;
		};
/* End XCConfigurationList section */
	};
	rootObject = 158BB18A1F86215D00A1926B /* Project object */;
}
